// !$*UTF8*$!
{
	archiveVersion = 1;
	classes = {
	};
	objectVersion = 55;
	objects = {

/* Begin PBXBuildFile section */
		BAC3D124282DCD640099D28D /* AppDelegate.swift in Sources */ = {isa = PBXBuildFile; fileRef = BAC3D123282DCD640099D28D /* AppDelegate.swift */; };
		BAC3D126282DCD640099D28D /* SceneDelegate.swift in Sources */ = {isa = PBXBuildFile; fileRef = BAC3D125282DCD640099D28D /* SceneDelegate.swift */; };
		BAC3D128282DCD640099D28D /* ViewController.swift in Sources */ = {isa = PBXBuildFile; fileRef = BAC3D127282DCD640099D28D /* ViewController.swift */; };
		BAC3D12B282DCD640099D28D /* Main.storyboard in Resources */ = {isa = PBXBuildFile; fileRef = BAC3D129282DCD640099D28D /* Main.storyboard */; };
		BAC3D12D282DCD650099D28D /* Assets.xcassets in Resources */ = {isa = PBXBuildFile; fileRef = BAC3D12C282DCD650099D28D /* Assets.xcassets */; };
		BAC3D130282DCD650099D28D /* LaunchScreen.storyboard in Resources */ = {isa = PBXBuildFile; fileRef = BAC3D12E282DCD650099D28D /* LaunchScreen.storyboard */; };
		BAC3D13B282DCD650099D28D /* WordListTests.swift in Sources */ = {isa = PBXBuildFile; fileRef = BAC3D13A282DCD650099D28D /* WordListTests.swift */; };
		BAC3D145282DCD650099D28D /* WordListUITests.swift in Sources */ = {isa = PBXBuildFile; fileRef = BAC3D144282DCD650099D28D /* WordListUITests.swift */; };
		BAC3D147282DCD650099D28D /* WordListUITestsLaunchTests.swift in Sources */ = {isa = PBXBuildFile; fileRef = BAC3D146282DCD650099D28D /* WordListUITestsLaunchTests.swift */; };
		BAC3D154282DD18B0099D28D /* QuestionViewController.swift in Sources */ = {isa = PBXBuildFile; fileRef = BAC3D153282DD18B0099D28D /* QuestionViewController.swift */; };
		BAC3D156282DD1940099D28D /* FinishViewController.swift in Sources */ = {isa = PBXBuildFile; fileRef = BAC3D155282DD1940099D28D /* FinishViewController.swift */; };
		BAC3D158282DD1AB0099D28D /* ListTableViewController.swift in Sources */ = {isa = PBXBuildFile; fileRef = BAC3D157282DD1AB0099D28D /* ListTableViewController.swift */; };
		BAC3D15A282DD1BD0099D28D /* AddViewController.swift in Sources */ = {isa = PBXBuildFile; fileRef = BAC3D159282DD1BD0099D28D /* AddViewController.swift */; };
		BAC3D15C282DD54F0099D28D /* ListTableViewCell.swift in Sources */ = {isa = PBXBuildFile; fileRef = BAC3D15B282DD54F0099D28D /* ListTableViewCell.swift */; };
/* End PBXBuildFile section */

/* Begin PBXContainerItemProxy section */
		BAC3D137282DCD650099D28D /* PBXContainerItemProxy */ = {
			isa = PBXContainerItemProxy;
			containerPortal = BAC3D118282DCD640099D28D /* Project object */;
			proxyType = 1;
			remoteGlobalIDString = BAC3D11F282DCD640099D28D;
			remoteInfo = WordList;
		};
		BAC3D141282DCD650099D28D /* PBXContainerItemProxy */ = {
			isa = PBXContainerItemProxy;
			containerPortal = BAC3D118282DCD640099D28D /* Project object */;
			proxyType = 1;
			remoteGlobalIDString = BAC3D11F282DCD640099D28D;
			remoteInfo = WordList;
		};
/* End PBXContainerItemProxy section */

/* Begin PBXFileReference section */
		BAC3D120282DCD640099D28D /* WordList.app */ = {isa = PBXFileReference; explicitFileType = wrapper.application; includeInIndex = 0; path = WordList.app; sourceTree = BUILT_PRODUCTS_DIR; };
		BAC3D123282DCD640099D28D /* AppDelegate.swift */ = {isa = PBXFileReference; lastKnownFileType = sourcecode.swift; path = AppDelegate.swift; sourceTree = "<group>"; };
		BAC3D125282DCD640099D28D /* SceneDelegate.swift */ = {isa = PBXFileReference; lastKnownFileType = sourcecode.swift; path = SceneDelegate.swift; sourceTree = "<group>"; };
		BAC3D127282DCD640099D28D /* ViewController.swift */ = {isa = PBXFileReference; lastKnownFileType = sourcecode.swift; path = ViewController.swift; sourceTree = "<group>"; };
		BAC3D12A282DCD640099D28D /* Base */ = {isa = PBXFileReference; lastKnownFileType = file.storyboard; name = Base; path = Base.lproj/Main.storyboard; sourceTree = "<group>"; };
		BAC3D12C282DCD650099D28D /* Assets.xcassets */ = {isa = PBXFileReference; lastKnownFileType = folder.assetcatalog; path = Assets.xcassets; sourceTree = "<group>"; };
		BAC3D12F282DCD650099D28D /* Base */ = {isa = PBXFileReference; lastKnownFileType = file.storyboard; name = Base; path = Base.lproj/LaunchScreen.storyboard; sourceTree = "<group>"; };
		BAC3D131282DCD650099D28D /* Info.plist */ = {isa = PBXFileReference; lastKnownFileType = text.plist.xml; path = Info.plist; sourceTree = "<group>"; };
		BAC3D136282DCD650099D28D /* WordListTests.xctest */ = {isa = PBXFileReference; explicitFileType = wrapper.cfbundle; includeInIndex = 0; path = WordListTests.xctest; sourceTree = BUILT_PRODUCTS_DIR; };
		BAC3D13A282DCD650099D28D /* WordListTests.swift */ = {isa = PBXFileReference; lastKnownFileType = sourcecode.swift; path = WordListTests.swift; sourceTree = "<group>"; };
		BAC3D140282DCD650099D28D /* WordListUITests.xctest */ = {isa = PBXFileReference; explicitFileType = wrapper.cfbundle; includeInIndex = 0; path = WordListUITests.xctest; sourceTree = BUILT_PRODUCTS_DIR; };
		BAC3D144282DCD650099D28D /* WordListUITests.swift */ = {isa = PBXFileReference; lastKnownFileType = sourcecode.swift; path = WordListUITests.swift; sourceTree = "<group>"; };
		BAC3D146282DCD650099D28D /* WordListUITestsLaunchTests.swift */ = {isa = PBXFileReference; lastKnownFileType = sourcecode.swift; path = WordListUITestsLaunchTests.swift; sourceTree = "<group>"; };
		BAC3D153282DD18B0099D28D /* QuestionViewController.swift */ = {isa = PBXFileReference; lastKnownFileType = sourcecode.swift; path = QuestionViewController.swift; sourceTree = "<group>"; };
		BAC3D155282DD1940099D28D /* FinishViewController.swift */ = {isa = PBXFileReference; lastKnownFileType = sourcecode.swift; path = FinishViewController.swift; sourceTree = "<group>"; };
		BAC3D157282DD1AB0099D28D /* ListTableViewController.swift */ = {isa = PBXFileReference; lastKnownFileType = sourcecode.swift; path = ListTableViewController.swift; sourceTree = "<group>"; };
		BAC3D159282DD1BD0099D28D /* AddViewController.swift */ = {isa = PBXFileReference; lastKnownFileType = sourcecode.swift; path = AddViewController.swift; sourceTree = "<group>"; };
		BAC3D15B282DD54F0099D28D /* ListTableViewCell.swift */ = {isa = PBXFileReference; lastKnownFileType = sourcecode.swift; path = ListTableViewCell.swift; sourceTree = "<group>"; };
/* End PBXFileReference section */

/* Begin PBXFrameworksBuildPhase section */
		BAC3D11D282DCD640099D28D /* Frameworks */ = {
			isa = PBXFrameworksBuildPhase;
			buildActionMask = 2147483647;
			files = (
			);
			runOnlyForDeploymentPostprocessing = 0;
		};
		BAC3D133282DCD650099D28D /* Frameworks */ = {
			isa = PBXFrameworksBuildPhase;
			buildActionMask = 2147483647;
			files = (
			);
			runOnlyForDeploymentPostprocessing = 0;
		};
		BAC3D13D282DCD650099D28D /* Frameworks */ = {
			isa = PBXFrameworksBuildPhase;
			buildActionMask = 2147483647;
			files = (
			);
			runOnlyForDeploymentPostprocessing = 0;
		};
/* End PBXFrameworksBuildPhase section */

/* Begin PBXGroup section */
		BAC3D117282DCD640099D28D = {
			isa = PBXGroup;
			children = (
				BAC3D122282DCD640099D28D /* WordList */,
				BAC3D139282DCD650099D28D /* WordListTests */,
				BAC3D143282DCD650099D28D /* WordListUITests */,
				BAC3D121282DCD640099D28D /* Products */,
			);
			sourceTree = "<group>";
		};
		BAC3D121282DCD640099D28D /* Products */ = {
			isa = PBXGroup;
			children = (
				BAC3D120282DCD640099D28D /* WordList.app */,
				BAC3D136282DCD650099D28D /* WordListTests.xctest */,
				BAC3D140282DCD650099D28D /* WordListUITests.xctest */,
			);
			name = Products;
			sourceTree = "<group>";
		};
		BAC3D122282DCD640099D28D /* WordList */ = {
			isa = PBXGroup;
			children = (
				BAC3D123282DCD640099D28D /* AppDelegate.swift */,
				BAC3D125282DCD640099D28D /* SceneDelegate.swift */,
				BAC3D127282DCD640099D28D /* ViewController.swift */,
				BAC3D153282DD18B0099D28D /* QuestionViewController.swift */,
				BAC3D155282DD1940099D28D /* FinishViewController.swift */,
				BAC3D157282DD1AB0099D28D /* ListTableViewController.swift */,
				BAC3D159282DD1BD0099D28D /* AddViewController.swift */,
				BAC3D15B282DD54F0099D28D /* ListTableViewCell.swift */,
				BAC3D129282DCD640099D28D /* Main.storyboard */,
				BAC3D12C282DCD650099D28D /* Assets.xcassets */,
				BAC3D12E282DCD650099D28D /* LaunchScreen.storyboard */,
				BAC3D131282DCD650099D28D /* Info.plist */,
			);
			path = WordList;
			sourceTree = "<group>";
		};
		BAC3D139282DCD650099D28D /* WordListTests */ = {
			isa = PBXGroup;
			children = (
				BAC3D13A282DCD650099D28D /* WordListTests.swift */,
			);
			path = WordListTests;
			sourceTree = "<group>";
		};
		BAC3D143282DCD650099D28D /* WordListUITests */ = {
			isa = PBXGroup;
			children = (
				BAC3D144282DCD650099D28D /* WordListUITests.swift */,
				BAC3D146282DCD650099D28D /* WordListUITestsLaunchTests.swift */,
			);
			path = WordListUITests;
			sourceTree = "<group>";
		};
/* End PBXGroup section */

/* Begin PBXNativeTarget section */
		BAC3D11F282DCD640099D28D /* WordList */ = {
			isa = PBXNativeTarget;
			buildConfigurationList = BAC3D14A282DCD650099D28D /* Build configuration list for PBXNativeTarget "WordList" */;
			buildPhases = (
				BAC3D11C282DCD640099D28D /* Sources */,
				BAC3D11D282DCD640099D28D /* Frameworks */,
				BAC3D11E282DCD640099D28D /* Resources */,
			);
			buildRules = (
			);
			dependencies = (
			);
			name = WordList;
			productName = WordList;
			productReference = BAC3D120282DCD640099D28D /* WordList.app */;
			productType = "com.apple.product-type.application";
		};
		BAC3D135282DCD650099D28D /* WordListTests */ = {
			isa = PBXNativeTarget;
			buildConfigurationList = BAC3D14D282DCD650099D28D /* Build configuration list for PBXNativeTarget "WordListTests" */;
			buildPhases = (
				BAC3D132282DCD650099D28D /* Sources */,
				BAC3D133282DCD650099D28D /* Frameworks */,
				BAC3D134282DCD650099D28D /* Resources */,
			);
			buildRules = (
			);
			dependencies = (
				BAC3D138282DCD650099D28D /* PBXTargetDependency */,
			);
			name = WordListTests;
			productName = WordListTests;
			productReference = BAC3D136282DCD650099D28D /* WordListTests.xctest */;
			productType = "com.apple.product-type.bundle.unit-test";
		};
		BAC3D13F282DCD650099D28D /* WordListUITests */ = {
			isa = PBXNativeTarget;
			buildConfigurationList = BAC3D150282DCD650099D28D /* Build configuration list for PBXNativeTarget "WordListUITests" */;
			buildPhases = (
				BAC3D13C282DCD650099D28D /* Sources */,
				BAC3D13D282DCD650099D28D /* Frameworks */,
				BAC3D13E282DCD650099D28D /* Resources */,
			);
			buildRules = (
			);
			dependencies = (
				BAC3D142282DCD650099D28D /* PBXTargetDependency */,
			);
			name = WordListUITests;
			productName = WordListUITests;
			productReference = BAC3D140282DCD650099D28D /* WordListUITests.xctest */;
			productType = "com.apple.product-type.bundle.ui-testing";
		};
/* End PBXNativeTarget section */

/* Begin PBXProject section */
		BAC3D118282DCD640099D28D /* Project object */ = {
			isa = PBXProject;
			attributes = {
				BuildIndependentTargetsInParallel = 1;
				LastSwiftUpdateCheck = 1330;
				LastUpgradeCheck = 1330;
				TargetAttributes = {
					BAC3D11F282DCD640099D28D = {
						CreatedOnToolsVersion = 13.3.1;
					};
					BAC3D135282DCD650099D28D = {
						CreatedOnToolsVersion = 13.3.1;
						TestTargetID = BAC3D11F282DCD640099D28D;
					};
					BAC3D13F282DCD650099D28D = {
						CreatedOnToolsVersion = 13.3.1;
						TestTargetID = BAC3D11F282DCD640099D28D;
					};
				};
			};
			buildConfigurationList = BAC3D11B282DCD640099D28D /* Build configuration list for PBXProject "WordList" */;
			compatibilityVersion = "Xcode 13.0";
			developmentRegion = en;
			hasScannedForEncodings = 0;
			knownRegions = (
				en,
				Base,
			);
			mainGroup = BAC3D117282DCD640099D28D;
			productRefGroup = BAC3D121282DCD640099D28D /* Products */;
			projectDirPath = "";
			projectRoot = "";
			targets = (
				BAC3D11F282DCD640099D28D /* WordList */,
				BAC3D135282DCD650099D28D /* WordListTests */,
				BAC3D13F282DCD650099D28D /* WordListUITests */,
			);
		};
/* End PBXProject section */

/* Begin PBXResourcesBuildPhase section */
		BAC3D11E282DCD640099D28D /* Resources */ = {
			isa = PBXResourcesBuildPhase;
			buildActionMask = 2147483647;
			files = (
				BAC3D130282DCD650099D28D /* LaunchScreen.storyboard in Resources */,
				BAC3D12D282DCD650099D28D /* Assets.xcassets in Resources */,
				BAC3D12B282DCD640099D28D /* Main.storyboard in Resources */,
			);
			runOnlyForDeploymentPostprocessing = 0;
		};
		BAC3D134282DCD650099D28D /* Resources */ = {
			isa = PBXResourcesBuildPhase;
			buildActionMask = 2147483647;
			files = (
			);
			runOnlyForDeploymentPostprocessing = 0;
		};
		BAC3D13E282DCD650099D28D /* Resources */ = {
			isa = PBXResourcesBuildPhase;
			buildActionMask = 2147483647;
			files = (
			);
			runOnlyForDeploymentPostprocessing = 0;
		};
/* End PBXResourcesBuildPhase section */

/* Begin PBXSourcesBuildPhase section */
		BAC3D11C282DCD640099D28D /* Sources */ = {
			isa = PBXSourcesBuildPhase;
			buildActionMask = 2147483647;
			files = (
				BAC3D156282DD1940099D28D /* FinishViewController.swift in Sources */,
				BAC3D15C282DD54F0099D28D /* ListTableViewCell.swift in Sources */,
				BAC3D128282DCD640099D28D /* ViewController.swift in Sources */,
				BAC3D15A282DD1BD0099D28D /* AddViewController.swift in Sources */,
				BAC3D124282DCD640099D28D /* AppDelegate.swift in Sources */,
				BAC3D154282DD18B0099D28D /* QuestionViewController.swift in Sources */,
				BAC3D126282DCD640099D28D /* SceneDelegate.swift in Sources */,
				BAC3D158282DD1AB0099D28D /* ListTableViewController.swift in Sources */,
			);
			runOnlyForDeploymentPostprocessing = 0;
		};
		BAC3D132282DCD650099D28D /* Sources */ = {
			isa = PBXSourcesBuildPhase;
			buildActionMask = 2147483647;
			files = (
				BAC3D13B282DCD650099D28D /* WordListTests.swift in Sources */,
			);
			runOnlyForDeploymentPostprocessing = 0;
		};
		BAC3D13C282DCD650099D28D /* Sources */ = {
			isa = PBXSourcesBuildPhase;
			buildActionMask = 2147483647;
			files = (
				BAC3D147282DCD650099D28D /* WordListUITestsLaunchTests.swift in Sources */,
				BAC3D145282DCD650099D28D /* WordListUITests.swift in Sources */,
			);
			runOnlyForDeploymentPostprocessing = 0;
		};
/* End PBXSourcesBuildPhase section */

/* Begin PBXTargetDependency section */
		BAC3D138282DCD650099D28D /* PBXTargetDependency */ = {
			isa = PBXTargetDependency;
			target = BAC3D11F282DCD640099D28D /* WordList */;
			targetProxy = BAC3D137282DCD650099D28D /* PBXContainerItemProxy */;
		};
		BAC3D142282DCD650099D28D /* PBXTargetDependency */ = {
			isa = PBXTargetDependency;
			target = BAC3D11F282DCD640099D28D /* WordList */;
			targetProxy = BAC3D141282DCD650099D28D /* PBXContainerItemProxy */;
		};
/* End PBXTargetDependency section */

/* Begin PBXVariantGroup section */
		BAC3D129282DCD640099D28D /* Main.storyboard */ = {
			isa = PBXVariantGroup;
			children = (
				BAC3D12A282DCD640099D28D /* Base */,
			);
			name = Main.storyboard;
			sourceTree = "<group>";
		};
		BAC3D12E282DCD650099D28D /* LaunchScreen.storyboard */ = {
			isa = PBXVariantGroup;
			children = (
				BAC3D12F282DCD650099D28D /* Base */,
			);
			name = LaunchScreen.storyboard;
			sourceTree = "<group>";
		};
/* End PBXVariantGroup section */

/* Begin XCBuildConfiguration section */
		BAC3D148282DCD650099D28D /* Debug */ = {
			isa = XCBuildConfiguration;
			buildSettings = {
				ALWAYS_SEARCH_USER_PATHS = NO;
				CLANG_ANALYZER_NONNULL = YES;
				CLANG_ANALYZER_NUMBER_OBJECT_CONVERSION = YES_AGGRESSIVE;
				CLANG_CXX_LANGUAGE_STANDARD = "gnu++17";
				CLANG_ENABLE_MODULES = YES;
				CLANG_ENABLE_OBJC_ARC = YES;
				CLANG_ENABLE_OBJC_WEAK = YES;
				CLANG_WARN_BLOCK_CAPTURE_AUTORELEASING = YES;
				CLANG_WARN_BOOL_CONVERSION = YES;
				CLANG_WARN_COMMA = YES;
				CLANG_WARN_CONSTANT_CONVERSION = YES;
				CLANG_WARN_DEPRECATED_OBJC_IMPLEMENTATIONS = YES;
				CLANG_WARN_DIRECT_OBJC_ISA_USAGE = YES_ERROR;
				CLANG_WARN_DOCUMENTATION_COMMENTS = YES;
				CLANG_WARN_EMPTY_BODY = YES;
				CLANG_WARN_ENUM_CONVERSION = YES;
				CLANG_WARN_INFINITE_RECURSION = YES;
				CLANG_WARN_INT_CONVERSION = YES;
				CLANG_WARN_NON_LITERAL_NULL_CONVERSION = YES;
				CLANG_WARN_OBJC_IMPLICIT_RETAIN_SELF = YES;
				CLANG_WARN_OBJC_LITERAL_CONVERSION = YES;
				CLANG_WARN_OBJC_ROOT_CLASS = YES_ERROR;
				CLANG_WARN_QUOTED_INCLUDE_IN_FRAMEWORK_HEADER = YES;
				CLANG_WARN_RANGE_LOOP_ANALYSIS = YES;
				CLANG_WARN_STRICT_PROTOTYPES = YES;
				CLANG_WARN_SUSPICIOUS_MOVE = YES;
				CLANG_WARN_UNGUARDED_AVAILABILITY = YES_AGGRESSIVE;
				CLANG_WARN_UNREACHABLE_CODE = YES;
				CLANG_WARN__DUPLICATE_METHOD_MATCH = YES;
				COPY_PHASE_STRIP = NO;
				DEBUG_INFORMATION_FORMAT = dwarf;
				ENABLE_STRICT_OBJC_MSGSEND = YES;
				ENABLE_TESTABILITY = YES;
				GCC_C_LANGUAGE_STANDARD = gnu11;
				GCC_DYNAMIC_NO_PIC = NO;
				GCC_NO_COMMON_BLOCKS = YES;
				GCC_OPTIMIZATION_LEVEL = 0;
				GCC_PREPROCESSOR_DEFINITIONS = (
					"DEBUG=1",
					"$(inherited)",
				);
				GCC_WARN_64_TO_32_BIT_CONVERSION = YES;
				GCC_WARN_ABOUT_RETURN_TYPE = YES_ERROR;
				GCC_WARN_UNDECLARED_SELECTOR = YES;
				GCC_WARN_UNINITIALIZED_AUTOS = YES_AGGRESSIVE;
				GCC_WARN_UNUSED_FUNCTION = YES;
				GCC_WARN_UNUSED_VARIABLE = YES;
				IPHONEOS_DEPLOYMENT_TARGET = 15.4;
				MTL_ENABLE_DEBUG_INFO = INCLUDE_SOURCE;
				MTL_FAST_MATH = YES;
				ONLY_ACTIVE_ARCH = YES;
				SDKROOT = iphoneos;
				SWIFT_ACTIVE_COMPILATION_CONDITIONS = DEBUG;
				SWIFT_OPTIMIZATION_LEVEL = "-Onone";
			};
			name = Debug;
		};
		BAC3D149282DCD650099D28D /* Release */ = {
			isa = XCBuildConfiguration;
			buildSettings = {
				ALWAYS_SEARCH_USER_PATHS = NO;
				CLANG_ANALYZER_NONNULL = YES;
				CLANG_ANALYZER_NUMBER_OBJECT_CONVERSION = YES_AGGRESSIVE;
				CLANG_CXX_LANGUAGE_STANDARD = "gnu++17";
				CLANG_ENABLE_MODULES = YES;
				CLANG_ENABLE_OBJC_ARC = YES;
				CLANG_ENABLE_OBJC_WEAK = YES;
				CLANG_WARN_BLOCK_CAPTURE_AUTORELEASING = YES;
				CLANG_WARN_BOOL_CONVERSION = YES;
				CLANG_WARN_COMMA = YES;
				CLANG_WARN_CONSTANT_CONVERSION = YES;
				CLANG_WARN_DEPRECATED_OBJC_IMPLEMENTATIONS = YES;
				CLANG_WARN_DIRECT_OBJC_ISA_USAGE = YES_ERROR;
				CLANG_WARN_DOCUMENTATION_COMMENTS = YES;
				CLANG_WARN_EMPTY_BODY = YES;
				CLANG_WARN_ENUM_CONVERSION = YES;
				CLANG_WARN_INFINITE_RECURSION = YES;
				CLANG_WARN_INT_CONVERSION = YES;
				CLANG_WARN_NON_LITERAL_NULL_CONVERSION = YES;
				CLANG_WARN_OBJC_IMPLICIT_RETAIN_SELF = YES;
				CLANG_WARN_OBJC_LITERAL_CONVERSION = YES;
				CLANG_WARN_OBJC_ROOT_CLASS = YES_ERROR;
				CLANG_WARN_QUOTED_INCLUDE_IN_FRAMEWORK_HEADER = YES;
				CLANG_WARN_RANGE_LOOP_ANALYSIS = YES;
				CLANG_WARN_STRICT_PROTOTYPES = YES;
				CLANG_WARN_SUSPICIOUS_MOVE = YES;
				CLANG_WARN_UNGUARDED_AVAILABILITY = YES_AGGRESSIVE;
				CLANG_WARN_UNREACHABLE_CODE = YES;
				CLANG_WARN__DUPLICATE_METHOD_MATCH = YES;
				COPY_PHASE_STRIP = NO;
				DEBUG_INFORMATION_FORMAT = "dwarf-with-dsym";
				ENABLE_NS_ASSERTIONS = NO;
				ENABLE_STRICT_OBJC_MSGSEND = YES;
				GCC_C_LANGUAGE_STANDARD = gnu11;
				GCC_NO_COMMON_BLOCKS = YES;
				GCC_WARN_64_TO_32_BIT_CONVERSION = YES;
				GCC_WARN_ABOUT_RETURN_TYPE = YES_ERROR;
				GCC_WARN_UNDECLARED_SELECTOR = YES;
				GCC_WARN_UNINITIALIZED_AUTOS = YES_AGGRESSIVE;
				GCC_WARN_UNUSED_FUNCTION = YES;
				GCC_WARN_UNUSED_VARIABLE = YES;
				IPHONEOS_DEPLOYMENT_TARGET = 15.4;
				MTL_ENABLE_DEBUG_INFO = NO;
				MTL_FAST_MATH = YES;
				SDKROOT = iphoneos;
				SWIFT_COMPILATION_MODE = wholemodule;
				SWIFT_OPTIMIZATION_LEVEL = "-O";
				VALIDATE_PRODUCT = YES;
			};
			name = Release;
		};
		BAC3D14B282DCD650099D28D /* Debug */ = {
			isa = XCBuildConfiguration;
			buildSettings = {
				ASSETCATALOG_COMPILER_APPICON_NAME = AppIcon;
				ASSETCATALOG_COMPILER_GLOBAL_ACCENT_COLOR_NAME = AccentColor;
				CODE_SIGN_STYLE = Automatic;
				CURRENT_PROJECT_VERSION = 1;
				DEVELOPMENT_TEAM = 872M555Y22;
				GENERATE_INFOPLIST_FILE = YES;
				INFOPLIST_FILE = WordList/Info.plist;
				INFOPLIST_KEY_UIApplicationSupportsIndirectInputEvents = YES;
				INFOPLIST_KEY_UILaunchStoryboardName = LaunchScreen;
				INFOPLIST_KEY_UIMainStoryboardFile = Main;
				INFOPLIST_KEY_UISupportedInterfaceOrientations_iPad = "UIInterfaceOrientationPortrait UIInterfaceOrientationPortraitUpsideDown UIInterfaceOrientationLandscapeLeft UIInterfaceOrientationLandscapeRight";
				INFOPLIST_KEY_UISupportedInterfaceOrientations_iPhone = "UIInterfaceOrientationPortrait UIInterfaceOrientationLandscapeLeft UIInterfaceOrientationLandscapeRight";
				LD_RUNPATH_SEARCH_PATHS = (
					"$(inherited)",
					"@executable_path/Frameworks",
				);
				MARKETING_VERSION = 1.0;
				PRODUCT_BUNDLE_IDENTIFIER = "com.masashi-aso.WordList";
				PRODUCT_NAME = "$(TARGET_NAME)";
				SWIFT_EMIT_LOC_STRINGS = YES;
				SWIFT_VERSION = 5.0;
				TARGETED_DEVICE_FAMILY = "1,2";
			};
			name = Debug;
		};
		BAC3D14C282DCD650099D28D /* Release */ = {
			isa = XCBuildConfiguration;
			buildSettings = {
				ASSETCATALOG_COMPILER_APPICON_NAME = AppIcon;
				ASSETCATALOG_COMPILER_GLOBAL_ACCENT_COLOR_NAME = AccentColor;
				CODE_SIGN_STYLE = Automatic;
				CURRENT_PROJECT_VERSION = 1;
				DEVELOPMENT_TEAM = 872M555Y22;
				GENERATE_INFOPLIST_FILE = YES;
				INFOPLIST_FILE = WordList/Info.plist;
				INFOPLIST_KEY_UIApplicationSupportsIndirectInputEvents = YES;
				INFOPLIST_KEY_UILaunchStoryboardName = LaunchScreen;
				INFOPLIST_KEY_UIMainStoryboardFile = Main;
				INFOPLIST_KEY_UISupportedInterfaceOrientations_iPad = "UIInterfaceOrientationPortrait UIInterfaceOrientationPortraitUpsideDown UIInterfaceOrientationLandscapeLeft UIInterfaceOrientationLandscapeRight";
				INFOPLIST_KEY_UISupportedInterfaceOrientations_iPhone = "UIInterfaceOrientationPortrait UIInterfaceOrientationLandscapeLeft UIInterfaceOrientationLandscapeRight";
				LD_RUNPATH_SEARCH_PATHS = (
					"$(inherited)",
					"@executable_path/Frameworks",
				);
				MARKETING_VERSION = 1.0;
				PRODUCT_BUNDLE_IDENTIFIER = "com.masashi-aso.WordList";
				PRODUCT_NAME = "$(TARGET_NAME)";
				SWIFT_EMIT_LOC_STRINGS = YES;
				SWIFT_VERSION = 5.0;
				TARGETED_DEVICE_FAMILY = "1,2";
			};
			name = Release;
		};
		BAC3D14E282DCD650099D28D /* Debug */ = {
			isa = XCBuildConfiguration;
			buildSettings = {
				ALWAYS_EMBED_SWIFT_STANDARD_LIBRARIES = YES;
				BUNDLE_LOADER = "$(TEST_HOST)";
				CODE_SIGN_STYLE = Automatic;
				CURRENT_PROJECT_VERSION = 1;
				DEVELOPMENT_TEAM = 872M555Y22;
				GENERATE_INFOPLIST_FILE = YES;
				IPHONEOS_DEPLOYMENT_TARGET = 15.4;
				MARKETING_VERSION = 1.0;
				PRODUCT_BUNDLE_IDENTIFIER = "com.masashi-aso.WordListTests";
				PRODUCT_NAME = "$(TARGET_NAME)";
				SWIFT_EMIT_LOC_STRINGS = NO;
				SWIFT_VERSION = 5.0;
				TARGETED_DEVICE_FAMILY = "1,2";
				TEST_HOST = "$(BUILT_PRODUCTS_DIR)/WordList.app/WordList";
			};
			name = Debug;
		};
		BAC3D14F282DCD650099D28D /* Release */ = {
			isa = XCBuildConfiguration;
			buildSettings = {
				ALWAYS_EMBED_SWIFT_STANDARD_LIBRARIES = YES;
				BUNDLE_LOADER = "$(TEST_HOST)";
				CODE_SIGN_STYLE = Automatic;
				CURRENT_PROJECT_VERSION = 1;
				DEVELOPMENT_TEAM = 872M555Y22;
				GENERATE_INFOPLIST_FILE = YES;
				IPHONEOS_DEPLOYMENT_TARGET = 15.4;
				MARKETING_VERSION = 1.0;
				PRODUCT_BUNDLE_IDENTIFIER = "com.masashi-aso.WordListTests";
				PRODUCT_NAME = "$(TARGET_NAME)";
				SWIFT_EMIT_LOC_STRINGS = NO;
				SWIFT_VERSION = 5.0;
				TARGETED_DEVICE_FAMILY = "1,2";
				TEST_HOST = "$(BUILT_PRODUCTS_DIR)/WordList.app/WordList";
			};
			name = Release;
		};
		BAC3D151282DCD650099D28D /* Debug */ = {
			isa = XCBuildConfiguration;
			buildSettings = {
				ALWAYS_EMBED_SWIFT_STANDARD_LIBRARIES = YES;
				CODE_SIGN_STYLE = Automatic;
				CURRENT_PROJECT_VERSION = 1;
				DEVELOPMENT_TEAM = 872M555Y22;
				GENERATE_INFOPLIST_FILE = YES;
				MARKETING_VERSION = 1.0;
				PRODUCT_BUNDLE_IDENTIFIER = "com.masashi-aso.WordListUITests";
				PRODUCT_NAME = "$(TARGET_NAME)";
				SWIFT_EMIT_LOC_STRINGS = NO;
				SWIFT_VERSION = 5.0;
				TARGETED_DEVICE_FAMILY = "1,2";
				TEST_TARGET_NAME = WordList;
			};
			name = Debug;
		};
		BAC3D152282DCD650099D28D /* Release */ = {
			isa = XCBuildConfiguration;
			buildSettings = {
				ALWAYS_EMBED_SWIFT_STANDARD_LIBRARIES = YES;
				CODE_SIGN_STYLE = Automatic;
				CURRENT_PROJECT_VERSION = 1;
				DEVELOPMENT_TEAM = 872M555Y22;
				GENERATE_INFOPLIST_FILE = YES;
				MARKETING_VERSION = 1.0;
				PRODUCT_BUNDLE_IDENTIFIER = "com.masashi-aso.WordListUITests";
				PRODUCT_NAME = "$(TARGET_NAME)";
				SWIFT_EMIT_LOC_STRINGS = NO;
				SWIFT_VERSION = 5.0;
				TARGETED_DEVICE_FAMILY = "1,2";
				TEST_TARGET_NAME = WordList;
			};
			name = Release;
		};
/* End XCBuildConfiguration section */

/* Begin XCConfigurationList section */
		BAC3D11B282DCD640099D28D /* Build configuration list for PBXProject "WordList" */ = {
			isa = XCConfigurationList;
			buildConfigurations = (
				BAC3D148282DCD650099D28D /* Debug */,
				BAC3D149282DCD650099D28D /* Release */,
			);
			defaultConfigurationIsVisible = 0;
			defaultConfigurationName = Release;
		};
		BAC3D14A282DCD650099D28D /* Build configuration list for PBXNativeTarget "WordList" */ = {
			isa = XCConfigurationList;
			buildConfigurations = (
				BAC3D14B282DCD650099D28D /* Debug */,
				BAC3D14C282DCD650099D28D /* Release */,
			);
			defaultConfigurationIsVisible = 0;
			defaultConfigurationName = Release;
		};
		BAC3D14D282DCD650099D28D /* Build configuration list for PBXNativeTarget "WordListTests" */ = {
			isa = XCConfigurationList;
			buildConfigurations = (
				BAC3D14E282DCD650099D28D /* Debug */,
				BAC3D14F282DCD650099D28D /* Release */,
			);
			defaultConfigurationIsVisible = 0;
			defaultConfigurationName = Release;
		};
		BAC3D150282DCD650099D28D /* Build configuration list for PBXNativeTarget "WordListUITests" */ = {
			isa = XCConfigurationList;
			buildConfigurations = (
				BAC3D151282DCD650099D28D /* Debug */,
				BAC3D152282DCD650099D28D /* Release */,
			);
			defaultConfigurationIsVisible = 0;
			defaultConfigurationName = Release;
		};
/* End XCConfigurationList section */
	};
	rootObject = BAC3D118282DCD640099D28D /* Project object */;
}
